
Microsoft Visual Studio Solution File, Format Version 12.00
# Visual Studio Version 17
VisualStudioVersion = 17.0.32112.339
MinimumVisualStudioVersion = 10.0.40219.1
Project("{9A19103F-16F7-4668-BE54-9A1E7A4F7556}") = "ControlGridView", "ControlGridView\ControlGridView.csproj", "{DA48DC71-EEF0-4950-A8C4-2484B2A4FB7D}"
EndProject
Project("{2150E333-8FDC-42A3-9474-1A3956D46DE8}") = "Solution Items", "Solution Items", "{37174E31-5299-4200-8B8E-CFA26BA18C30}"
EndProject
Global
	GlobalSection(SolutionConfigurationPlatforms) = preSolution
		Debug|Any CPU = Debug|Any CPU
		Release|Any CPU = Release|Any CPU
	EndGlobalSection
	GlobalSection(ProjectConfigurationPlatforms) = postSolution
		{DA48DC71-EEF0-4950-A8C4-2484B2A4FB7D}.Debug|Any CPU.ActiveCfg = Debug|Any CPU
		{DA48DC71-EEF0-4950-A8C4-2484B2A4FB7D}.Debug|Any CPU.Build.0 = Debug|Any CPU
		{DA48DC71-EEF0-4950-A8C4-2484B2A4FB7D}.Release|Any CPU.ActiveCfg = Release|Any CPU
		{DA48DC71-EEF0-4950-A8C4-2484B2A4FB7D}.Release|Any CPU.Build.0 = Release|Any CPU
	EndGlobalSection
	GlobalSection(SolutionProperties) = preSolution
		HideSolutionNode = FALSE
	EndGlobalSection
	GlobalSection(ExtensibilityGlobals) = postSolution
		SolutionGuid = {C1E0ABF1-D9FC-4A20-9C64-A850335AC548}
	EndGlobalSection
EndGlobal
